
Microsoft Visual Studio Solution File, Format Version 12.00
# Visual Studio 15
VisualStudioVersion = 15.0.28307.1500
MinimumVisualStudioVersion = 10.0.40219.1
Project("{FAE04EC0-301F-11D3-BF4B-00C04F79EFBC}") = "Uri_1011", "Uri_1011\Uri_1011.csproj", "{F8B9673B-FA0A-42FC-9911-974E7A968914}"
EndProject
Global
	GlobalSection(SolutionConfigurationPlatforms) = preSolution
		Debug|Any CPU = Debug|Any CPU
		Release|Any CPU = Release|Any CPU
	EndGlobalSection
	GlobalSection(ProjectConfigurationPlatforms) = postSolution
		{F8B9673B-FA0A-42FC-9911-974E7A968914}.Debug|Any CPU.ActiveCfg = Debug|Any CPU
		{F8B9673B-FA0A-42FC-9911-974E7A968914}.Debug|Any CPU.Build.0 = Debug|Any CPU
		{F8B9673B-FA0A-42FC-9911-974E7A968914}.Release|Any CPU.ActiveCfg = Release|Any CPU
		{F8B9673B-FA0A-42FC-9911-974E7A968914}.Release|Any CPU.Build.0 = Release|Any CPU
	EndGlobalSection
	GlobalSection(SolutionProperties) = preSolution
		HideSolutionNode = FALSE
	EndGlobalSection
	GlobalSection(ExtensibilityGlobals) = postSolution
		SolutionGuid = {52A9D129-D5A4-4452-8DDD-3DBE68590C48}
	EndGlobalSection
EndGlobal
